
Microsoft Visual Studio Solution File, Format Version 12.00
# Visual Studio 15
Project("{FAE04EC0-301F-11D3-BF4B-00C04F79EFBC}") = "Assembly-CSharp", "Assembly-CSharp.csproj", "{F8E21D2E-4178-988F-C57A-E5E5BCABD70B}"
EndProject
Project("{FAE04EC0-301F-11D3-BF4B-00C04F79EFBC}") = "LeanTouch", "LeanTouch.csproj", "{450D5543-E66C-B4B7-7954-7A6AD8B5026A}"
EndProject
Project("{FAE04EC0-301F-11D3-BF4B-00C04F79EFBC}") = "Skybox3DRuntime", "Skybox3DRuntime.csproj", "{8510DCF8-FE67-26CC-3C99-47A7E2501A53}"
EndProject
Project("{FAE04EC0-301F-11D3-BF4B-00C04F79EFBC}") = "NavMeshComponents", "NavMeshComponents.csproj", "{1A53C0C8-53D2-314D-F34E-A21E952E64ED}"
EndProject
Project("{FAE04EC0-301F-11D3-BF4B-00C04F79EFBC}") = "LeanCommon", "LeanCommon.csproj", "{6D130A0B-2764-161B-2F8E-6D92DADE00B3}"
EndProject
Project("{FAE04EC0-301F-11D3-BF4B-00C04F79EFBC}") = "WorldBuildingRuntime", "WorldBuildingRuntime.csproj", "{D5589810-F0B9-BBA5-C300-C6F510E44906}"
EndProject
Project("{FAE04EC0-301F-11D3-BF4B-00C04F79EFBC}") = "SimpleSFXRuntime", "SimpleSFXRuntime.csproj", "{303101B6-E15A-8E7F-F23E-C2EBB7B822EF}"
EndProject
Project("{FAE04EC0-301F-11D3-BF4B-00C04F79EFBC}") = "Assembly-CSharp-Editor", "Assembly-CSharp-Editor.csproj", "{AD864D5E-FBC9-1647-9F54-C263FBE3592A}"
EndProject
Project("{FAE04EC0-301F-11D3-BF4B-00C04F79EFBC}") = "NavMeshComponentsEditor", "NavMeshComponentsEditor.csproj", "{74A868DF-C8EA-159A-47BB-65764E3C65A2}"
EndProject
Project("{FAE04EC0-301F-11D3-BF4B-00C04F79EFBC}") = "Assembly-CSharp-Editor-firstpass", "Assembly-CSharp-Editor-firstpass.csproj", "{D607F536-2930-0621-6687-164E94C8BF51}"
EndProject
Project("{FAE04EC0-301F-11D3-BF4B-00C04F79EFBC}") = "PackageManagerCheck", "PackageManagerCheck.csproj", "{FAFBEA9B-0E11-57B1-E7F7-8456D51A7ADB}"
EndProject
Global
	GlobalSection(SolutionConfigurationPlatforms) = preSolution
		Debug|Any CPU = Debug|Any CPU
		Release|Any CPU = Release|Any CPU
	EndGlobalSection
	GlobalSection(ProjectConfigurationPlatforms) = postSolution
		{F8E21D2E-4178-988F-C57A-E5E5BCABD70B}.Debug|Any CPU.ActiveCfg = Debug|Any CPU
		{F8E21D2E-4178-988F-C57A-E5E5BCABD70B}.Debug|Any CPU.Build.0 = Debug|Any CPU
		{F8E21D2E-4178-988F-C57A-E5E5BCABD70B}.Release|Any CPU.ActiveCfg = Release|Any CPU
		{F8E21D2E-4178-988F-C57A-E5E5BCABD70B}.Release|Any CPU.Build.0 = Release|Any CPU
		{450D5543-E66C-B4B7-7954-7A6AD8B5026A}.Debug|Any CPU.ActiveCfg = Debug|Any CPU
		{450D5543-E66C-B4B7-7954-7A6AD8B5026A}.Debug|Any CPU.Build.0 = Debug|Any CPU
		{450D5543-E66C-B4B7-7954-7A6AD8B5026A}.Release|Any CPU.ActiveCfg = Release|Any CPU
		{450D5543-E66C-B4B7-7954-7A6AD8B5026A}.Release|Any CPU.Build.0 = Release|Any CPU
		{8510DCF8-FE67-26CC-3C99-47A7E2501A53}.Debug|Any CPU.ActiveCfg = Debug|Any CPU
		{8510DCF8-FE67-26CC-3C99-47A7E2501A53}.Debug|Any CPU.Build.0 = Debug|Any CPU
		{8510DCF8-FE67-26CC-3C99-47A7E2501A53}.Release|Any CPU.ActiveCfg = Release|Any CPU
		{8510DCF8-FE67-26CC-3C99-47A7E2501A53}.Release|Any CPU.Build.0 = Release|Any CPU
		{1A53C0C8-53D2-314D-F34E-A21E952E64ED}.Debug|Any CPU.ActiveCfg = Debug|Any CPU
		{1A53C0C8-53D2-314D-F34E-A21E952E64ED}.Debug|Any CPU.Build.0 = Debug|Any CPU
		{1A53C0C8-53D2-314D-F34E-A21E952E64ED}.Release|Any CPU.ActiveCfg = Release|Any CPU
		{1A53C0C8-53D2-314D-F34E-A21E952E64ED}.Release|Any CPU.Build.0 = Release|Any CPU
		{6D130A0B-2764-161B-2F8E-6D92DADE00B3}.Debug|Any CPU.ActiveCfg = Debug|Any CPU
		{6D130A0B-2764-161B-2F8E-6D92DADE00B3}.Debug|Any CPU.Build.0 = Debug|Any CPU
		{6D130A0B-2764-161B-2F8E-6D92DADE00B3}.Release|Any CPU.ActiveCfg = Release|Any CPU
		{6D130A0B-2764-161B-2F8E-6D92DADE00B3}.Release|Any CPU.Build.0 = Release|Any CPU
		{D5589810-F0B9-BBA5-C300-C6F510E44906}.Debug|Any CPU.ActiveCfg = Debug|Any CPU
		{D5589810-F0B9-BBA5-C300-C6F510E44906}.Debug|Any CPU.Build.0 = Debug|Any CPU
		{D5589810-F0B9-BBA5-C300-C6F510E44906}.Release|Any CPU.ActiveCfg = Release|Any CPU
		{D5589810-F0B9-BBA5-C300-C6F510E44906}.Release|Any CPU.Build.0 = Release|Any CPU
		{303101B6-E15A-8E7F-F23E-C2EBB7B822EF}.Debug|Any CPU.ActiveCfg = Debug|Any CPU
		{303101B6-E15A-8E7F-F23E-C2EBB7B822EF}.Debug|Any CPU.Build.0 = Debug|Any CPU
		{303101B6-E15A-8E7F-F23E-C2EBB7B822EF}.Release|Any CPU.ActiveCfg = Release|Any CPU
		{303101B6-E15A-8E7F-F23E-C2EBB7B822EF}.Release|Any CPU.Build.0 = Release|Any CPU
		{AD864D5E-FBC9-1647-9F54-C263FBE3592A}.Debug|Any CPU.ActiveCfg = Debug|Any CPU
		{AD864D5E-FBC9-1647-9F54-C263FBE3592A}.Debug|Any CPU.Build.0 = Debug|Any CPU
		{AD864D5E-FBC9-1647-9F54-C263FBE3592A}.Release|Any CPU.ActiveCfg = Release|Any CPU
		{AD864D5E-FBC9-1647-9F54-C263FBE3592A}.Release|Any CPU.Build.0 = Release|Any CPU
		{74A868DF-C8EA-159A-47BB-65764E3C65A2}.Debug|Any CPU.ActiveCfg = Debug|Any CPU
		{74A868DF-C8EA-159A-47BB-65764E3C65A2}.Debug|Any CPU.Build.0 = Debug|Any CPU
		{74A868DF-C8EA-159A-47BB-65764E3C65A2}.Release|Any CPU.ActiveCfg = Release|Any CPU
		{74A868DF-C8EA-159A-47BB-65764E3C65A2}.Release|Any CPU.Build.0 = Release|Any CPU
		{D607F536-2930-0621-6687-164E94C8BF51}.Debug|Any CPU.ActiveCfg = Debug|Any CPU
		{D607F536-2930-0621-6687-164E94C8BF51}.Debug|Any CPU.Build.0 = Debug|Any CPU
		{D607F536-2930-0621-6687-164E94C8BF51}.Release|Any CPU.ActiveCfg = Release|Any CPU
		{D607F536-2930-0621-6687-164E94C8BF51}.Release|Any CPU.Build.0 = Release|Any CPU
		{FAFBEA9B-0E11-57B1-E7F7-8456D51A7ADB}.Debug|Any CPU.ActiveCfg = Debug|Any CPU
		{FAFBEA9B-0E11-57B1-E7F7-8456D51A7ADB}.Debug|Any CPU.Build.0 = Debug|Any CPU
		{FAFBEA9B-0E11-57B1-E7F7-8456D51A7ADB}.Release|Any CPU.ActiveCfg = Release|Any CPU
		{FAFBEA9B-0E11-57B1-E7F7-8456D51A7ADB}.Release|Any CPU.Build.0 = Release|Any CPU
	EndGlobalSection
	GlobalSection(SolutionProperties) = preSolution
		HideSolutionNode = FALSE
	EndGlobalSection
EndGlobal
